
Microsoft Visual Studio Solution File, Format Version 12.00
# Visual Studio Version 17
VisualStudioVersion = 17.9.34728.123
MinimumVisualStudioVersion = 10.0.40219.1
Project("{FAE04EC0-301F-11D3-BF4B-00C04F79EFBC}") = "Vacal", "Vacal\Vacal.csproj", "{63D7072E-CC3D-4B42-BE91-0C3F6A9E3E57}"
EndProject
Global
	GlobalSection(SolutionConfigurationPlatforms) = preSolution
		Debug|Any CPU = Debug|Any CPU
		Release|Any CPU = Release|Any CPU
	EndGlobalSection
	GlobalSection(ProjectConfigurationPlatforms) = postSolution
		{63D7072E-CC3D-4B42-BE91-0C3F6A9E3E57}.Debug|Any CPU.ActiveCfg = Debug|Any CPU
		{63D7072E-CC3D-4B42-BE91-0C3F6A9E3E57}.Debug|Any CPU.Build.0 = Debug|Any CPU
		{63D7072E-CC3D-4B42-BE91-0C3F6A9E3E57}.Release|Any CPU.ActiveCfg = Release|Any CPU
		{63D7072E-CC3D-4B42-BE91-0C3F6A9E3E57}.Release|Any CPU.Build.0 = Release|Any CPU
	EndGlobalSection
	GlobalSection(SolutionProperties) = preSolution
		HideSolutionNode = FALSE
	EndGlobalSection
	GlobalSection(ExtensibilityGlobals) = postSolution
		SolutionGuid = {5BD8D951-D0FE-49A3-B0A0-7F14AC5C4E87}
	EndGlobalSection
EndGlobal
